<Solution>
  <Folder Name="/build/" />
  <Folder Name="/build/icons/">
    <File Path="build/icons/icon.png" />
  </Folder>
  <Folder Name="/Solution Items/">
    <File Path=".editorconfig" />
    <File Path=".gitignore" />
    <File Path="Directory.Build.props" />
    <File Path="Directory.Packages.props" />
    <File Path="README.md" />
  </Folder>
  <Folder Name="/src/">
    <Project Path="src/CleanArch.Application.Abstractions/CleanArch.Application.Abstractions.csproj" />
    <Project Path="src/CleanArch.Domain.Abstractions/CleanArch.Domain.Abstractions.csproj" />
    <Project Path="src/CleanArch.Mediator.AspNetCore/CleanArch.Mediator.AspNetCore.csproj" />
    <Project Path="src/CleanArch.Mediator/CleanArch.Mediator.csproj" />
    <Project Path="src/CleanArch.Messaging.AspNetCore/CleanArch.Messaging.AspNetCore.csproj" />
    <Project Path="src/CleanArch.Messaging/CleanArch.Messaging.csproj" />
    <Project Path="src/CleanArch.Repository.EntityFramework/CleanArch.Repository.EntityFramework.csproj" />
    <Project Path="src/CleanArch.Repository/CleanArch.Repository.csproj" />
    <Project Path="src/CleanArch.Specification/CleanArch.Specification.csproj" />
  </Folder>
  <Folder Name="/tests/">
    <Project Path="tests/CleanArch.Mediator.AspNetCore.UnitTests/CleanArch.Mediator.AspNetCore.UnitTests.csproj" />
    <Project Path="tests/CleanArch.Mediator.UnitTest.Commons/CleanArch.Mediator.UnitTest.Commons.csproj" />
    <Project Path="tests/CleanArch.Mediator.UnitTests/CleanArch.Mediator.UnitTests.csproj" />
  </Folder>
  <Folder Name="/tests/Messaging/">
    <Project Path="tests/Messaging/CleanArch.Messaging.Api/CleanArch.Messaging.Api.csproj" />
    <Project Path="tests/Messaging/CleanArch.Messaging.Orchestrator/CleanArch.Messaging.Orchestrator.csproj" />
  </Folder>
</Solution>
